// !$*UTF8*$!
{
	archiveVersion = 1;
	classes = {
	};
	objectVersion = 55;
	objects = {

/* Begin PBXBuildFile section */
		4EA005E627FF5BF500135C06 /* Collection.swift in Sources */ = {isa = PBXBuildFile; fileRef = 4EA005E527FF5BF500135C06 /* Collection.swift */; };
		4EA005F527FF5EB100135C06 /* BookStatusArrays.swift in Sources */ = {isa = PBXBuildFile; fileRef = 4EA005F327FF5EB100135C06 /* BookStatusArrays.swift */; };
		4EA005F627FF5EB100135C06 /* BookModel.swift in Sources */ = {isa = PBXBuildFile; fileRef = 4EA005F427FF5EB100135C06 /* BookModel.swift */; };
		4EA005FD27FF5EC300135C06 /* LibraryStoryboard.storyboard in Resources */ = {isa = PBXBuildFile; fileRef = 4EA005F927FF5EC300135C06 /* LibraryStoryboard.storyboard */; };
		4EA005FE27FF5EC300135C06 /* LibraryHeaderView.swift in Sources */ = {isa = PBXBuildFile; fileRef = 4EA005FA27FF5EC300135C06 /* LibraryHeaderView.swift */; };
		4EA005FF27FF5EC300135C06 /* LibraryCollectionViewCell.swift in Sources */ = {isa = PBXBuildFile; fileRef = 4EA005FB27FF5EC300135C06 /* LibraryCollectionViewCell.swift */; };
		4EA0060127FF773D00135C06 /* Store.storyboard in Resources */ = {isa = PBXBuildFile; fileRef = 4EA0060027FF773D00135C06 /* Store.storyboard */; };
		4EA0060527FF775700135C06 /* UnmissableCollectionViewCell.swift in Sources */ = {isa = PBXBuildFile; fileRef = 4EA0060227FF775600135C06 /* UnmissableCollectionViewCell.swift */; };
		4EA0060627FF775700135C06 /* TopCollectionViewCell.swift in Sources */ = {isa = PBXBuildFile; fileRef = 4EA0060327FF775700135C06 /* TopCollectionViewCell.swift */; };
		4EA0060727FF775700135C06 /* ReadingWeekCollectionViewCell.swift in Sources */ = {isa = PBXBuildFile; fileRef = 4EA0060427FF775700135C06 /* ReadingWeekCollectionViewCell.swift */; };
		4EA0060927FF776A00135C06 /* StoreViewController.swift in Sources */ = {isa = PBXBuildFile; fileRef = 4EA0060827FF776A00135C06 /* StoreViewController.swift */; };
		4EA0060C27FF7CEF00135C06 /* DetailsViewController.swift in Sources */ = {isa = PBXBuildFile; fileRef = 4EA0060A27FF7CEF00135C06 /* DetailsViewController.swift */; };
		4EA0060D27FF7CEF00135C06 /* Details.storyboard in Resources */ = {isa = PBXBuildFile; fileRef = 4EA0060B27FF7CEF00135C06 /* Details.storyboard */; };
		4EA0060F27FF7D0E00135C06 /* LibraryViewController.swift in Sources */ = {isa = PBXBuildFile; fileRef = 4EA0060E27FF7D0E00135C06 /* LibraryViewController.swift */; };
		4EC6BA2D27FB768400BD48AC /* AppDelegate.swift in Sources */ = {isa = PBXBuildFile; fileRef = 4EC6BA2C27FB768400BD48AC /* AppDelegate.swift */; };
		4EC6BA2F27FB768400BD48AC /* ViewController.swift in Sources */ = {isa = PBXBuildFile; fileRef = 4EC6BA2E27FB768400BD48AC /* ViewController.swift */; };
		4EC6BA3227FB768400BD48AC /* Main.storyboard in Resources */ = {isa = PBXBuildFile; fileRef = 4EC6BA3027FB768400BD48AC /* Main.storyboard */; };
		4EC6BA3427FB768800BD48AC /* Assets.xcassets in Resources */ = {isa = PBXBuildFile; fileRef = 4EC6BA3327FB768800BD48AC /* Assets.xcassets */; };
		4EC6BA3727FB768800BD48AC /* LaunchScreen.storyboard in Resources */ = {isa = PBXBuildFile; fileRef = 4EC6BA3527FB768800BD48AC /* LaunchScreen.storyboard */; };
		4EC6BA4327FB7FC800BD48AC /* WhatsNewViewController.swift in Sources */ = {isa = PBXBuildFile; fileRef = 4EC6BA4227FB7FC800BD48AC /* WhatsNewViewController.swift */; };
		4EC6BA4527FB7FD400BD48AC /* WhatsNew.storyboard in Resources */ = {isa = PBXBuildFile; fileRef = 4EC6BA4427FB7FD400BD48AC /* WhatsNew.storyboard */; };
		4EC6BA4827FCB65100BD48AC /* GenericExtensions.swift in Sources */ = {isa = PBXBuildFile; fileRef = 4EC6BA4727FCB65100BD48AC /* GenericExtensions.swift */; };
		4EC6BA4B27FCBCFA00BD48AC /* BooksCollectionViewCell.swift in Sources */ = {isa = PBXBuildFile; fileRef = 4EC6BA4A27FCBCFA00BD48AC /* BooksCollectionViewCell.swift */; };
		4EC6BA4D27FCBF7500BD48AC /* NewsCollectionViewCell.swift in Sources */ = {isa = PBXBuildFile; fileRef = 4EC6BA4C27FCBF7500BD48AC /* NewsCollectionViewCell.swift */; };
		4EC6BA5027FCCEA400BD48AC /* SectionHeader.swift in Sources */ = {isa = PBXBuildFile; fileRef = 4EC6BA4F27FCCEA400BD48AC /* SectionHeader.swift */; };
/* End PBXBuildFile section */

/* Begin PBXFileReference section */
		4EA005E527FF5BF500135C06 /* Collection.swift */ = {isa = PBXFileReference; fileEncoding = 4; lastKnownFileType = sourcecode.swift; path = Collection.swift; sourceTree = "<group>"; };
		4EA005F327FF5EB100135C06 /* BookStatusArrays.swift */ = {isa = PBXFileReference; fileEncoding = 4; lastKnownFileType = sourcecode.swift; path = BookStatusArrays.swift; sourceTree = "<group>"; };
		4EA005F427FF5EB100135C06 /* BookModel.swift */ = {isa = PBXFileReference; fileEncoding = 4; lastKnownFileType = sourcecode.swift; path = BookModel.swift; sourceTree = "<group>"; };
		4EA005F927FF5EC300135C06 /* LibraryStoryboard.storyboard */ = {isa = PBXFileReference; fileEncoding = 4; lastKnownFileType = file.storyboard; path = LibraryStoryboard.storyboard; sourceTree = "<group>"; };
		4EA005FA27FF5EC300135C06 /* LibraryHeaderView.swift */ = {isa = PBXFileReference; fileEncoding = 4; lastKnownFileType = sourcecode.swift; path = LibraryHeaderView.swift; sourceTree = "<group>"; };
		4EA005FB27FF5EC300135C06 /* LibraryCollectionViewCell.swift */ = {isa = PBXFileReference; fileEncoding = 4; lastKnownFileType = sourcecode.swift; path = LibraryCollectionViewCell.swift; sourceTree = "<group>"; };
		4EA0060027FF773D00135C06 /* Store.storyboard */ = {isa = PBXFileReference; fileEncoding = 4; lastKnownFileType = file.storyboard; path = Store.storyboard; sourceTree = "<group>"; };
		4EA0060227FF775600135C06 /* UnmissableCollectionViewCell.swift */ = {isa = PBXFileReference; fileEncoding = 4; lastKnownFileType = sourcecode.swift; path = UnmissableCollectionViewCell.swift; sourceTree = "<group>"; };
		4EA0060327FF775700135C06 /* TopCollectionViewCell.swift */ = {isa = PBXFileReference; fileEncoding = 4; lastKnownFileType = sourcecode.swift; path = TopCollectionViewCell.swift; sourceTree = "<group>"; };
		4EA0060427FF775700135C06 /* ReadingWeekCollectionViewCell.swift */ = {isa = PBXFileReference; fileEncoding = 4; lastKnownFileType = sourcecode.swift; path = ReadingWeekCollectionViewCell.swift; sourceTree = "<group>"; };
		4EA0060827FF776A00135C06 /* StoreViewController.swift */ = {isa = PBXFileReference; fileEncoding = 4; lastKnownFileType = sourcecode.swift; path = StoreViewController.swift; sourceTree = "<group>"; };
		4EA0060A27FF7CEF00135C06 /* DetailsViewController.swift */ = {isa = PBXFileReference; fileEncoding = 4; lastKnownFileType = sourcecode.swift; path = DetailsViewController.swift; sourceTree = "<group>"; };
		4EA0060B27FF7CEF00135C06 /* Details.storyboard */ = {isa = PBXFileReference; fileEncoding = 4; lastKnownFileType = file.storyboard; path = Details.storyboard; sourceTree = "<group>"; };
		4EA0060E27FF7D0E00135C06 /* LibraryViewController.swift */ = {isa = PBXFileReference; fileEncoding = 4; lastKnownFileType = sourcecode.swift; path = LibraryViewController.swift; sourceTree = "<group>"; };
		4EC6BA2927FB768400BD48AC /* BookDB-tvOS.app */ = {isa = PBXFileReference; explicitFileType = wrapper.application; includeInIndex = 0; path = "BookDB-tvOS.app"; sourceTree = BUILT_PRODUCTS_DIR; };
		4EC6BA2C27FB768400BD48AC /* AppDelegate.swift */ = {isa = PBXFileReference; lastKnownFileType = sourcecode.swift; path = AppDelegate.swift; sourceTree = "<group>"; };
		4EC6BA2E27FB768400BD48AC /* ViewController.swift */ = {isa = PBXFileReference; lastKnownFileType = sourcecode.swift; path = ViewController.swift; sourceTree = "<group>"; };
		4EC6BA3127FB768400BD48AC /* Base */ = {isa = PBXFileReference; lastKnownFileType = file.storyboard; name = Base; path = Base.lproj/Main.storyboard; sourceTree = "<group>"; };
		4EC6BA3327FB768800BD48AC /* Assets.xcassets */ = {isa = PBXFileReference; lastKnownFileType = folder.assetcatalog; path = Assets.xcassets; sourceTree = "<group>"; };
		4EC6BA3627FB768800BD48AC /* Base */ = {isa = PBXFileReference; lastKnownFileType = file.storyboard; name = Base; path = Base.lproj/LaunchScreen.storyboard; sourceTree = "<group>"; };
		4EC6BA4227FB7FC800BD48AC /* WhatsNewViewController.swift */ = {isa = PBXFileReference; lastKnownFileType = sourcecode.swift; path = WhatsNewViewController.swift; sourceTree = "<group>"; };
		4EC6BA4427FB7FD400BD48AC /* WhatsNew.storyboard */ = {isa = PBXFileReference; lastKnownFileType = file.storyboard; path = WhatsNew.storyboard; sourceTree = "<group>"; };
		4EC6BA4727FCB65100BD48AC /* GenericExtensions.swift */ = {isa = PBXFileReference; lastKnownFileType = sourcecode.swift; path = GenericExtensions.swift; sourceTree = "<group>"; };
		4EC6BA4A27FCBCFA00BD48AC /* BooksCollectionViewCell.swift */ = {isa = PBXFileReference; lastKnownFileType = sourcecode.swift; path = BooksCollectionViewCell.swift; sourceTree = "<group>"; };
		4EC6BA4C27FCBF7500BD48AC /* NewsCollectionViewCell.swift */ = {isa = PBXFileReference; lastKnownFileType = sourcecode.swift; path = NewsCollectionViewCell.swift; sourceTree = "<group>"; };
		4EC6BA4F27FCCEA400BD48AC /* SectionHeader.swift */ = {isa = PBXFileReference; lastKnownFileType = sourcecode.swift; path = SectionHeader.swift; sourceTree = "<group>"; };
/* End PBXFileReference section */

/* Begin PBXFrameworksBuildPhase section */
		4EC6BA2627FB768400BD48AC /* Frameworks */ = {
			isa = PBXFrameworksBuildPhase;
			buildActionMask = 2147483647;
			files = (
			);
			runOnlyForDeploymentPostprocessing = 0;
		};
/* End PBXFrameworksBuildPhase section */

/* Begin PBXGroup section */
		4EA005D827FF5BA600135C06 /* Store */ = {
			isa = PBXGroup;
			children = (
				4EA005DB27FF5BC000135C06 /* Controller */,
				4EA005DA27FF5BBB00135C06 /* Model */,
				4EA005D927FF5BB800135C06 /* View */,
			);
			path = Store;
			sourceTree = "<group>";
		};
		4EA005D927FF5BB800135C06 /* View */ = {
			isa = PBXGroup;
			children = (
				4EA0060027FF773D00135C06 /* Store.storyboard */,
			);
			path = View;
			sourceTree = "<group>";
		};
		4EA005DA27FF5BBB00135C06 /* Model */ = {
			isa = PBXGroup;
			children = (
				4EA005E527FF5BF500135C06 /* Collection.swift */,
			);
			path = Model;
			sourceTree = "<group>";
		};
		4EA005DB27FF5BC000135C06 /* Controller */ = {
			isa = PBXGroup;
			children = (
				4EA0060827FF776A00135C06 /* StoreViewController.swift */,
				4EA005DC27FF5BCB00135C06 /* Cell */,
			);
			path = Controller;
			sourceTree = "<group>";
		};
		4EA005DC27FF5BCB00135C06 /* Cell */ = {
			isa = PBXGroup;
			children = (
				4EA0060427FF775700135C06 /* ReadingWeekCollectionViewCell.swift */,
				4EA0060327FF775700135C06 /* TopCollectionViewCell.swift */,
				4EA0060227FF775600135C06 /* UnmissableCollectionViewCell.swift */,
			);
			path = Cell;
			sourceTree = "<group>";
		};
		4EA005EB27FF5C8C00135C06 /* Details */ = {
			isa = PBXGroup;
			children = (
				4EA0060B27FF7CEF00135C06 /* Details.storyboard */,
				4EA0060A27FF7CEF00135C06 /* DetailsViewController.swift */,
			);
			path = Details;
			sourceTree = "<group>";
		};
		4EA005F227FF5EA900135C06 /* Books */ = {
			isa = PBXGroup;
			children = (
				4EA005F427FF5EB100135C06 /* BookModel.swift */,
				4EA005F327FF5EB100135C06 /* BookStatusArrays.swift */,
			);
			path = Books;
			sourceTree = "<group>";
		};
		4EA005F727FF5EB900135C06 /* Library */ = {
			isa = PBXGroup;
			children = (
				4EA005FB27FF5EC300135C06 /* LibraryCollectionViewCell.swift */,
				4EA005FA27FF5EC300135C06 /* LibraryHeaderView.swift */,
				4EA0060E27FF7D0E00135C06 /* LibraryViewController.swift */,
				4EA005F927FF5EC300135C06 /* LibraryStoryboard.storyboard */,
			);
			path = Library;
			sourceTree = "<group>";
		};
		4EC6BA2027FB768400BD48AC = {
			isa = PBXGroup;
			children = (
				4EC6BA2B27FB768400BD48AC /* BookDB-tvOS */,
				4EC6BA2A27FB768400BD48AC /* Products */,
			);
			sourceTree = "<group>";
		};
		4EC6BA2A27FB768400BD48AC /* Products */ = {
			isa = PBXGroup;
			children = (
				4EC6BA2927FB768400BD48AC /* BookDB-tvOS.app */,
			);
			name = Products;
			sourceTree = "<group>";
		};
		4EC6BA2B27FB768400BD48AC /* BookDB-tvOS */ = {
			isa = PBXGroup;
			children = (
				4EA005F727FF5EB900135C06 /* Library */,
				4EA005F227FF5EA900135C06 /* Books */,
				4EA005EB27FF5C8C00135C06 /* Details */,
				4EA005D827FF5BA600135C06 /* Store */,
				4EC6BA4627FCB63F00BD48AC /* Extensions */,
				4EC6BA3D27FB7EB200BD48AC /* WhatsNew */,
				4EC6BA2C27FB768400BD48AC /* AppDelegate.swift */,
				4EC6BA2E27FB768400BD48AC /* ViewController.swift */,
				4EC6BA3027FB768400BD48AC /* Main.storyboard */,
				4EC6BA3327FB768800BD48AC /* Assets.xcassets */,
				4EC6BA3527FB768800BD48AC /* LaunchScreen.storyboard */,
			);
			path = "BookDB-tvOS";
			sourceTree = "<group>";
		};
		4EC6BA3D27FB7EB200BD48AC /* WhatsNew */ = {
			isa = PBXGroup;
			children = (
				4EC6BA4E27FCCE8700BD48AC /* WhatsNewCollectionReusableCell */,
				4EC6BA4927FCBCD900BD48AC /* WhatsNewCollectionViewCell */,
				4EC6BA4227FB7FC800BD48AC /* WhatsNewViewController.swift */,
				4EC6BA4427FB7FD400BD48AC /* WhatsNew.storyboard */,
			);
			path = WhatsNew;
			sourceTree = "<group>";
		};
		4EC6BA4627FCB63F00BD48AC /* Extensions */ = {
			isa = PBXGroup;
			children = (
				4EC6BA4727FCB65100BD48AC /* GenericExtensions.swift */,
			);
			path = Extensions;
			sourceTree = "<group>";
		};
		4EC6BA4927FCBCD900BD48AC /* WhatsNewCollectionViewCell */ = {
			isa = PBXGroup;
			children = (
				4EC6BA4A27FCBCFA00BD48AC /* BooksCollectionViewCell.swift */,
				4EC6BA4C27FCBF7500BD48AC /* NewsCollectionViewCell.swift */,
			);
			path = WhatsNewCollectionViewCell;
			sourceTree = "<group>";
		};
		4EC6BA4E27FCCE8700BD48AC /* WhatsNewCollectionReusableCell */ = {
			isa = PBXGroup;
			children = (
				4EC6BA4F27FCCEA400BD48AC /* SectionHeader.swift */,
			);
			path = WhatsNewCollectionReusableCell;
			sourceTree = "<group>";
		};
/* End PBXGroup section */

/* Begin PBXNativeTarget section */
		4EC6BA2827FB768400BD48AC /* BookDB-tvOS */ = {
			isa = PBXNativeTarget;
			buildConfigurationList = 4EC6BA3A27FB768800BD48AC /* Build configuration list for PBXNativeTarget "BookDB-tvOS" */;
			buildPhases = (
				4EC6BA2527FB768400BD48AC /* Sources */,
				4EC6BA2627FB768400BD48AC /* Frameworks */,
				4EC6BA2727FB768400BD48AC /* Resources */,
			);
			buildRules = (
			);
			dependencies = (
			);
			name = "BookDB-tvOS";
			productName = "BookDB-tvOS";
			productReference = 4EC6BA2927FB768400BD48AC /* BookDB-tvOS.app */;
			productType = "com.apple.product-type.application";
		};
/* End PBXNativeTarget section */

/* Begin PBXProject section */
		4EC6BA2127FB768400BD48AC /* Project object */ = {
			isa = PBXProject;
			attributes = {
				BuildIndependentTargetsInParallel = 1;
				LastSwiftUpdateCheck = 1330;
				LastUpgradeCheck = 1330;
				TargetAttributes = {
					4EC6BA2827FB768400BD48AC = {
						CreatedOnToolsVersion = 13.3;
					};
				};
			};
			buildConfigurationList = 4EC6BA2427FB768400BD48AC /* Build configuration list for PBXProject "BookDB-tvOS" */;
			compatibilityVersion = "Xcode 13.0";
			developmentRegion = en;
			hasScannedForEncodings = 0;
			knownRegions = (
				en,
				Base,
			);
			mainGroup = 4EC6BA2027FB768400BD48AC;
			productRefGroup = 4EC6BA2A27FB768400BD48AC /* Products */;
			projectDirPath = "";
			projectRoot = "";
			targets = (
				4EC6BA2827FB768400BD48AC /* BookDB-tvOS */,
			);
		};
/* End PBXProject section */

/* Begin PBXResourcesBuildPhase section */
		4EC6BA2727FB768400BD48AC /* Resources */ = {
			isa = PBXResourcesBuildPhase;
			buildActionMask = 2147483647;
			files = (
				4EC6BA3727FB768800BD48AC /* LaunchScreen.storyboard in Resources */,
				4EA0060D27FF7CEF00135C06 /* Details.storyboard in Resources */,
				4EA005FD27FF5EC300135C06 /* LibraryStoryboard.storyboard in Resources */,
				4EC6BA3427FB768800BD48AC /* Assets.xcassets in Resources */,
				4EC6BA3227FB768400BD48AC /* Main.storyboard in Resources */,
				4EA0060127FF773D00135C06 /* Store.storyboard in Resources */,
				4EC6BA4527FB7FD400BD48AC /* WhatsNew.storyboard in Resources */,
			);
			runOnlyForDeploymentPostprocessing = 0;
		};
/* End PBXResourcesBuildPhase section */

/* Begin PBXSourcesBuildPhase section */
		4EC6BA2527FB768400BD48AC /* Sources */ = {
			isa = PBXSourcesBuildPhase;
			buildActionMask = 2147483647;
			files = (
				4EA0060627FF775700135C06 /* TopCollectionViewCell.swift in Sources */,
				4EC6BA2F27FB768400BD48AC /* ViewController.swift in Sources */,
				4EA005F527FF5EB100135C06 /* BookStatusArrays.swift in Sources */,
				4EA0060527FF775700135C06 /* UnmissableCollectionViewCell.swift in Sources */,
				4EA0060727FF775700135C06 /* ReadingWeekCollectionViewCell.swift in Sources */,
				4EA005FE27FF5EC300135C06 /* LibraryHeaderView.swift in Sources */,
				4EA005E627FF5BF500135C06 /* Collection.swift in Sources */,
				4EC6BA4D27FCBF7500BD48AC /* NewsCollectionViewCell.swift in Sources */,
				4EC6BA4327FB7FC800BD48AC /* WhatsNewViewController.swift in Sources */,
				4EC6BA5027FCCEA400BD48AC /* SectionHeader.swift in Sources */,
				4EA005FF27FF5EC300135C06 /* LibraryCollectionViewCell.swift in Sources */,
				4EA0060C27FF7CEF00135C06 /* DetailsViewController.swift in Sources */,
				4EC6BA2D27FB768400BD48AC /* AppDelegate.swift in Sources */,
				4EC6BA4B27FCBCFA00BD48AC /* BooksCollectionViewCell.swift in Sources */,
				4EA0060927FF776A00135C06 /* StoreViewController.swift in Sources */,
				4EC6BA4827FCB65100BD48AC /* GenericExtensions.swift in Sources */,
				4EA0060F27FF7D0E00135C06 /* LibraryViewController.swift in Sources */,
				4EA005F627FF5EB100135C06 /* BookModel.swift in Sources */,
			);
			runOnlyForDeploymentPostprocessing = 0;
		};
/* End PBXSourcesBuildPhase section */

/* Begin PBXVariantGroup section */
		4EC6BA3027FB768400BD48AC /* Main.storyboard */ = {
			isa = PBXVariantGroup;
			children = (
				4EC6BA3127FB768400BD48AC /* Base */,
			);
			name = Main.storyboard;
			sourceTree = "<group>";
		};
		4EC6BA3527FB768800BD48AC /* LaunchScreen.storyboard */ = {
			isa = PBXVariantGroup;
			children = (
				4EC6BA3627FB768800BD48AC /* Base */,
			);
			name = LaunchScreen.storyboard;
			sourceTree = "<group>";
		};
/* End PBXVariantGroup section */

/* Begin XCBuildConfiguration section */
		4EC6BA3827FB768800BD48AC /* Debug */ = {
			isa = XCBuildConfiguration;
			buildSettings = {
				ALWAYS_SEARCH_USER_PATHS = NO;
				CLANG_ANALYZER_NONNULL = YES;
				CLANG_ANALYZER_NUMBER_OBJECT_CONVERSION = YES_AGGRESSIVE;
				CLANG_CXX_LANGUAGE_STANDARD = "gnu++17";
				CLANG_ENABLE_MODULES = YES;
				CLANG_ENABLE_OBJC_ARC = YES;
				CLANG_ENABLE_OBJC_WEAK = YES;
				CLANG_WARN_BLOCK_CAPTURE_AUTORELEASING = YES;
				CLANG_WARN_BOOL_CONVERSION = YES;
				CLANG_WARN_COMMA = YES;
				CLANG_WARN_CONSTANT_CONVERSION = YES;
				CLANG_WARN_DEPRECATED_OBJC_IMPLEMENTATIONS = YES;
				CLANG_WARN_DIRECT_OBJC_ISA_USAGE = YES_ERROR;
				CLANG_WARN_DOCUMENTATION_COMMENTS = YES;
				CLANG_WARN_EMPTY_BODY = YES;
				CLANG_WARN_ENUM_CONVERSION = YES;
				CLANG_WARN_INFINITE_RECURSION = YES;
				CLANG_WARN_INT_CONVERSION = YES;
				CLANG_WARN_NON_LITERAL_NULL_CONVERSION = YES;
				CLANG_WARN_OBJC_IMPLICIT_RETAIN_SELF = YES;
				CLANG_WARN_OBJC_LITERAL_CONVERSION = YES;
				CLANG_WARN_OBJC_ROOT_CLASS = YES_ERROR;
				CLANG_WARN_QUOTED_INCLUDE_IN_FRAMEWORK_HEADER = YES;
				CLANG_WARN_RANGE_LOOP_ANALYSIS = YES;
				CLANG_WARN_STRICT_PROTOTYPES = YES;
				CLANG_WARN_SUSPICIOUS_MOVE = YES;
				CLANG_WARN_UNGUARDED_AVAILABILITY = YES_AGGRESSIVE;
				CLANG_WARN_UNREACHABLE_CODE = YES;
				CLANG_WARN__DUPLICATE_METHOD_MATCH = YES;
				COPY_PHASE_STRIP = NO;
				DEBUG_INFORMATION_FORMAT = dwarf;
				ENABLE_STRICT_OBJC_MSGSEND = YES;
				ENABLE_TESTABILITY = YES;
				GCC_C_LANGUAGE_STANDARD = gnu11;
				GCC_DYNAMIC_NO_PIC = NO;
				GCC_NO_COMMON_BLOCKS = YES;
				GCC_OPTIMIZATION_LEVEL = 0;
				GCC_PREPROCESSOR_DEFINITIONS = (
					"DEBUG=1",
					"$(inherited)",
				);
				GCC_WARN_64_TO_32_BIT_CONVERSION = YES;
				GCC_WARN_ABOUT_RETURN_TYPE = YES_ERROR;
				GCC_WARN_UNDECLARED_SELECTOR = YES;
				GCC_WARN_UNINITIALIZED_AUTOS = YES_AGGRESSIVE;
				GCC_WARN_UNUSED_FUNCTION = YES;
				GCC_WARN_UNUSED_VARIABLE = YES;
				MTL_ENABLE_DEBUG_INFO = INCLUDE_SOURCE;
				MTL_FAST_MATH = YES;
				ONLY_ACTIVE_ARCH = YES;
				SDKROOT = appletvos;
				SWIFT_ACTIVE_COMPILATION_CONDITIONS = DEBUG;
				SWIFT_OPTIMIZATION_LEVEL = "-Onone";
				TVOS_DEPLOYMENT_TARGET = 15.4;
			};
			name = Debug;
		};
		4EC6BA3927FB768800BD48AC /* Release */ = {
			isa = XCBuildConfiguration;
			buildSettings = {
				ALWAYS_SEARCH_USER_PATHS = NO;
				CLANG_ANALYZER_NONNULL = YES;
				CLANG_ANALYZER_NUMBER_OBJECT_CONVERSION = YES_AGGRESSIVE;
				CLANG_CXX_LANGUAGE_STANDARD = "gnu++17";
				CLANG_ENABLE_MODULES = YES;
				CLANG_ENABLE_OBJC_ARC = YES;
				CLANG_ENABLE_OBJC_WEAK = YES;
				CLANG_WARN_BLOCK_CAPTURE_AUTORELEASING = YES;
				CLANG_WARN_BOOL_CONVERSION = YES;
				CLANG_WARN_COMMA = YES;
				CLANG_WARN_CONSTANT_CONVERSION = YES;
				CLANG_WARN_DEPRECATED_OBJC_IMPLEMENTATIONS = YES;
				CLANG_WARN_DIRECT_OBJC_ISA_USAGE = YES_ERROR;
				CLANG_WARN_DOCUMENTATION_COMMENTS = YES;
				CLANG_WARN_EMPTY_BODY = YES;
				CLANG_WARN_ENUM_CONVERSION = YES;
				CLANG_WARN_INFINITE_RECURSION = YES;
				CLANG_WARN_INT_CONVERSION = YES;
				CLANG_WARN_NON_LITERAL_NULL_CONVERSION = YES;
				CLANG_WARN_OBJC_IMPLICIT_RETAIN_SELF = YES;
				CLANG_WARN_OBJC_LITERAL_CONVERSION = YES;
				CLANG_WARN_OBJC_ROOT_CLASS = YES_ERROR;
				CLANG_WARN_QUOTED_INCLUDE_IN_FRAMEWORK_HEADER = YES;
				CLANG_WARN_RANGE_LOOP_ANALYSIS = YES;
				CLANG_WARN_STRICT_PROTOTYPES = YES;
				CLANG_WARN_SUSPICIOUS_MOVE = YES;
				CLANG_WARN_UNGUARDED_AVAILABILITY = YES_AGGRESSIVE;
				CLANG_WARN_UNREACHABLE_CODE = YES;
				CLANG_WARN__DUPLICATE_METHOD_MATCH = YES;
				COPY_PHASE_STRIP = NO;
				DEBUG_INFORMATION_FORMAT = "dwarf-with-dsym";
				ENABLE_NS_ASSERTIONS = NO;
				ENABLE_STRICT_OBJC_MSGSEND = YES;
				GCC_C_LANGUAGE_STANDARD = gnu11;
				GCC_NO_COMMON_BLOCKS = YES;
				GCC_WARN_64_TO_32_BIT_CONVERSION = YES;
				GCC_WARN_ABOUT_RETURN_TYPE = YES_ERROR;
				GCC_WARN_UNDECLARED_SELECTOR = YES;
				GCC_WARN_UNINITIALIZED_AUTOS = YES_AGGRESSIVE;
				GCC_WARN_UNUSED_FUNCTION = YES;
				GCC_WARN_UNUSED_VARIABLE = YES;
				MTL_ENABLE_DEBUG_INFO = NO;
				MTL_FAST_MATH = YES;
				SDKROOT = appletvos;
				SWIFT_COMPILATION_MODE = wholemodule;
				SWIFT_OPTIMIZATION_LEVEL = "-O";
				TVOS_DEPLOYMENT_TARGET = 15.4;
				VALIDATE_PRODUCT = YES;
			};
			name = Release;
		};
		4EC6BA3B27FB768800BD48AC /* Debug */ = {
			isa = XCBuildConfiguration;
			buildSettings = {
				ASSETCATALOG_COMPILER_APPICON_NAME = "App Icon & Top Shelf Image";
				ASSETCATALOG_COMPILER_GLOBAL_ACCENT_COLOR_NAME = AccentColor;
				CODE_SIGN_STYLE = Automatic;
				CURRENT_PROJECT_VERSION = 1;
				DEVELOPMENT_TEAM = 478594C4R9;
				GENERATE_INFOPLIST_FILE = YES;
				INFOPLIST_KEY_UILaunchStoryboardName = LaunchScreen;
				INFOPLIST_KEY_UIMainStoryboardFile = Main;
				INFOPLIST_KEY_UIUserInterfaceStyle = Automatic;
				LD_RUNPATH_SEARCH_PATHS = (
					"$(inherited)",
					"@executable_path/Frameworks",
				);
				MARKETING_VERSION = 1.0;
				PRODUCT_BUNDLE_IDENTIFIER = "com.app.bookTV.BookDB-tvOS";
				PRODUCT_NAME = "$(TARGET_NAME)";
				SWIFT_EMIT_LOC_STRINGS = YES;
				SWIFT_VERSION = 5.0;
				TARGETED_DEVICE_FAMILY = 3;
			};
			name = Debug;
		};
		4EC6BA3C27FB768800BD48AC /* Release */ = {
			isa = XCBuildConfiguration;
			buildSettings = {
				ASSETCATALOG_COMPILER_APPICON_NAME = "App Icon & Top Shelf Image";
				ASSETCATALOG_COMPILER_GLOBAL_ACCENT_COLOR_NAME = AccentColor;
				CODE_SIGN_STYLE = Automatic;
				CURRENT_PROJECT_VERSION = 1;
				DEVELOPMENT_TEAM = 478594C4R9;
				GENERATE_INFOPLIST_FILE = YES;
				INFOPLIST_KEY_UILaunchStoryboardName = LaunchScreen;
				INFOPLIST_KEY_UIMainStoryboardFile = Main;
				INFOPLIST_KEY_UIUserInterfaceStyle = Automatic;
				LD_RUNPATH_SEARCH_PATHS = (
					"$(inherited)",
					"@executable_path/Frameworks",
				);
				MARKETING_VERSION = 1.0;
				PRODUCT_BUNDLE_IDENTIFIER = "com.app.bookTV.BookDB-tvOS";
				PRODUCT_NAME = "$(TARGET_NAME)";
				SWIFT_EMIT_LOC_STRINGS = YES;
				SWIFT_VERSION = 5.0;
				TARGETED_DEVICE_FAMILY = 3;
			};
			name = Release;
		};
/* End XCBuildConfiguration section */

/* Begin XCConfigurationList section */
		4EC6BA2427FB768400BD48AC /* Build configuration list for PBXProject "BookDB-tvOS" */ = {
			isa = XCConfigurationList;
			buildConfigurations = (
				4EC6BA3827FB768800BD48AC /* Debug */,
				4EC6BA3927FB768800BD48AC /* Release */,
			);
			defaultConfigurationIsVisible = 0;
			defaultConfigurationName = Release;
		};
		4EC6BA3A27FB768800BD48AC /* Build configuration list for PBXNativeTarget "BookDB-tvOS" */ = {
			isa = XCConfigurationList;
			buildConfigurations = (
				4EC6BA3B27FB768800BD48AC /* Debug */,
				4EC6BA3C27FB768800BD48AC /* Release */,
			);
			defaultConfigurationIsVisible = 0;
			defaultConfigurationName = Release;
		};
/* End XCConfigurationList section */
	};
	rootObject = 4EC6BA2127FB768400BD48AC /* Project object */;
}
