// !$*UTF8*$!
{
	archiveVersion = 1;
	classes = {
	};
	objectVersion = 55;
	objects = {

/* Begin PBXBuildFile section */
		4EC6BA2D27FB768400BD48AC /* AppDelegate.swift in Sources */ = {isa = PBXBuildFile; fileRef = 4EC6BA2C27FB768400BD48AC /* AppDelegate.swift */; };
		4EC6BA2F27FB768400BD48AC /* ViewController.swift in Sources */ = {isa = PBXBuildFile; fileRef = 4EC6BA2E27FB768400BD48AC /* ViewController.swift */; };
		4EC6BA3227FB768400BD48AC /* Main.storyboard in Resources */ = {isa = PBXBuildFile; fileRef = 4EC6BA3027FB768400BD48AC /* Main.storyboard */; };
		4EC6BA3427FB768800BD48AC /* Assets.xcassets in Resources */ = {isa = PBXBuildFile; fileRef = 4EC6BA3327FB768800BD48AC /* Assets.xcassets */; };
		4EC6BA3727FB768800BD48AC /* LaunchScreen.storyboard in Resources */ = {isa = PBXBuildFile; fileRef = 4EC6BA3527FB768800BD48AC /* LaunchScreen.storyboard */; };
		5D360B0627FCB75600460DBC /* Store.storyboard in Resources */ = {isa = PBXBuildFile; fileRef = 5D360B0527FCB75600460DBC /* Store.storyboard */; };
		5D360B0827FCB76200460DBC /* StoreViewController.swift in Sources */ = {isa = PBXBuildFile; fileRef = 5D360B0727FCB76200460DBC /* StoreViewController.swift */; };
		5DC6299C27FE0D84005F5A53 /* Book.swift in Sources */ = {isa = PBXBuildFile; fileRef = 5DC6299B27FE0D84005F5A53 /* Book.swift */; };
		5DC6299E27FE0E8B005F5A53 /* TopCollectionViewCell.swift in Sources */ = {isa = PBXBuildFile; fileRef = 5DC6299D27FE0E8B005F5A53 /* TopCollectionViewCell.swift */; };
		5DC629A027FE0E9F005F5A53 /* ReadingWeekCollectionViewCell.swift in Sources */ = {isa = PBXBuildFile; fileRef = 5DC6299F27FE0E9F005F5A53 /* ReadingWeekCollectionViewCell.swift */; };
		5DC629A227FE0EAB005F5A53 /* UnmissableCollectionViewCell.swift in Sources */ = {isa = PBXBuildFile; fileRef = 5DC629A127FE0EAB005F5A53 /* UnmissableCollectionViewCell.swift */; };
		5DC629A627FE130B005F5A53 /* UIView+Extensions.swift in Sources */ = {isa = PBXBuildFile; fileRef = 5DC629A527FE130B005F5A53 /* UIView+Extensions.swift */; };
		5DC629A827FE1372005F5A53 /* Collection.swift in Sources */ = {isa = PBXBuildFile; fileRef = 5DC629A727FE1372005F5A53 /* Collection.swift */; };
/* End PBXBuildFile section */

/* Begin PBXFileReference section */
		4EC6BA2927FB768400BD48AC /* BookDB-tvOS.app */ = {isa = PBXFileReference; explicitFileType = wrapper.application; includeInIndex = 0; path = "BookDB-tvOS.app"; sourceTree = BUILT_PRODUCTS_DIR; };
		4EC6BA2C27FB768400BD48AC /* AppDelegate.swift */ = {isa = PBXFileReference; lastKnownFileType = sourcecode.swift; path = AppDelegate.swift; sourceTree = "<group>"; };
		4EC6BA2E27FB768400BD48AC /* ViewController.swift */ = {isa = PBXFileReference; lastKnownFileType = sourcecode.swift; path = ViewController.swift; sourceTree = "<group>"; };
		4EC6BA3127FB768400BD48AC /* Base */ = {isa = PBXFileReference; lastKnownFileType = file.storyboard; name = Base; path = Base.lproj/Main.storyboard; sourceTree = "<group>"; };
		4EC6BA3327FB768800BD48AC /* Assets.xcassets */ = {isa = PBXFileReference; lastKnownFileType = folder.assetcatalog; path = Assets.xcassets; sourceTree = "<group>"; };
		4EC6BA3627FB768800BD48AC /* Base */ = {isa = PBXFileReference; lastKnownFileType = file.storyboard; name = Base; path = Base.lproj/LaunchScreen.storyboard; sourceTree = "<group>"; };
		5D360B0527FCB75600460DBC /* Store.storyboard */ = {isa = PBXFileReference; lastKnownFileType = file.storyboard; path = Store.storyboard; sourceTree = "<group>"; };
		5D360B0727FCB76200460DBC /* StoreViewController.swift */ = {isa = PBXFileReference; lastKnownFileType = sourcecode.swift; path = StoreViewController.swift; sourceTree = "<group>"; };
		5DC6299B27FE0D84005F5A53 /* Book.swift */ = {isa = PBXFileReference; lastKnownFileType = sourcecode.swift; path = Book.swift; sourceTree = "<group>"; };
		5DC6299D27FE0E8B005F5A53 /* TopCollectionViewCell.swift */ = {isa = PBXFileReference; lastKnownFileType = sourcecode.swift; path = TopCollectionViewCell.swift; sourceTree = "<group>"; };
		5DC6299F27FE0E9F005F5A53 /* ReadingWeekCollectionViewCell.swift */ = {isa = PBXFileReference; lastKnownFileType = sourcecode.swift; path = ReadingWeekCollectionViewCell.swift; sourceTree = "<group>"; };
		5DC629A127FE0EAB005F5A53 /* UnmissableCollectionViewCell.swift */ = {isa = PBXFileReference; lastKnownFileType = sourcecode.swift; path = UnmissableCollectionViewCell.swift; sourceTree = "<group>"; };
		5DC629A527FE130B005F5A53 /* UIView+Extensions.swift */ = {isa = PBXFileReference; lastKnownFileType = sourcecode.swift; path = "UIView+Extensions.swift"; sourceTree = "<group>"; };
		5DC629A727FE1372005F5A53 /* Collection.swift */ = {isa = PBXFileReference; lastKnownFileType = sourcecode.swift; path = Collection.swift; sourceTree = "<group>"; };
/* End PBXFileReference section */

/* Begin PBXFrameworksBuildPhase section */
		4EC6BA2627FB768400BD48AC /* Frameworks */ = {
			isa = PBXFrameworksBuildPhase;
			buildActionMask = 2147483647;
			files = (
			);
			runOnlyForDeploymentPostprocessing = 0;
		};
/* End PBXFrameworksBuildPhase section */

/* Begin PBXGroup section */
		4EC6BA2027FB768400BD48AC = {
			isa = PBXGroup;
			children = (
				4EC6BA2B27FB768400BD48AC /* BookDB-tvOS */,
				4EC6BA2A27FB768400BD48AC /* Products */,
			);
			sourceTree = "<group>";
		};
		4EC6BA2A27FB768400BD48AC /* Products */ = {
			isa = PBXGroup;
			children = (
				4EC6BA2927FB768400BD48AC /* BookDB-tvOS.app */,
			);
			name = Products;
			sourceTree = "<group>";
		};
		4EC6BA2B27FB768400BD48AC /* BookDB-tvOS */ = {
			isa = PBXGroup;
			children = (
				5DC629A427FE12FC005F5A53 /* Extension */,
				5D360B0127FCB6EC00460DBC /* New Group */,
				4EC6BA2C27FB768400BD48AC /* AppDelegate.swift */,
				4EC6BA2E27FB768400BD48AC /* ViewController.swift */,
				4EC6BA3027FB768400BD48AC /* Main.storyboard */,
				4EC6BA3327FB768800BD48AC /* Assets.xcassets */,
				4EC6BA3527FB768800BD48AC /* LaunchScreen.storyboard */,
			);
			path = "BookDB-tvOS";
			sourceTree = "<group>";
		};
		5D360B0127FCB6EC00460DBC /* New Group */ = {
			isa = PBXGroup;
			children = (
				5D360B0427FCB74700460DBC /* Model */,
				5D360B0327FCB74100460DBC /* Controller */,
				5D360B0227FCB73400460DBC /* View */,
			);
			path = "New Group";
			sourceTree = "<group>";
		};
		5D360B0227FCB73400460DBC /* View */ = {
			isa = PBXGroup;
			children = (
				5D360B0527FCB75600460DBC /* Store.storyboard */,
			);
			path = View;
			sourceTree = "<group>";
		};
		5D360B0327FCB74100460DBC /* Controller */ = {
			isa = PBXGroup;
			children = (
				5DC629A327FE0EB1005F5A53 /* Cell */,
				5D360B0727FCB76200460DBC /* StoreViewController.swift */,
			);
			path = Controller;
			sourceTree = "<group>";
		};
		5D360B0427FCB74700460DBC /* Model */ = {
			isa = PBXGroup;
			children = (
				5DC6299B27FE0D84005F5A53 /* Book.swift */,
				5DC629A727FE1372005F5A53 /* Collection.swift */,
			);
			path = Model;
			sourceTree = "<group>";
		};
		5DC629A327FE0EB1005F5A53 /* Cell */ = {
			isa = PBXGroup;
			children = (
				5DC6299D27FE0E8B005F5A53 /* TopCollectionViewCell.swift */,
				5DC6299F27FE0E9F005F5A53 /* ReadingWeekCollectionViewCell.swift */,
				5DC629A127FE0EAB005F5A53 /* UnmissableCollectionViewCell.swift */,
			);
			path = Cell;
			sourceTree = "<group>";
		};
		5DC629A427FE12FC005F5A53 /* Extension */ = {
			isa = PBXGroup;
			children = (
				5DC629A527FE130B005F5A53 /* UIView+Extensions.swift */,
			);
			path = Extension;
			sourceTree = "<group>";
		};
/* End PBXGroup section */

/* Begin PBXNativeTarget section */
		4EC6BA2827FB768400BD48AC /* BookDB-tvOS */ = {
			isa = PBXNativeTarget;
			buildConfigurationList = 4EC6BA3A27FB768800BD48AC /* Build configuration list for PBXNativeTarget "BookDB-tvOS" */;
			buildPhases = (
				4EC6BA2527FB768400BD48AC /* Sources */,
				4EC6BA2627FB768400BD48AC /* Frameworks */,
				4EC6BA2727FB768400BD48AC /* Resources */,
			);
			buildRules = (
			);
			dependencies = (
			);
			name = "BookDB-tvOS";
			productName = "BookDB-tvOS";
			productReference = 4EC6BA2927FB768400BD48AC /* BookDB-tvOS.app */;
			productType = "com.apple.product-type.application";
		};
/* End PBXNativeTarget section */

/* Begin PBXProject section */
		4EC6BA2127FB768400BD48AC /* Project object */ = {
			isa = PBXProject;
			attributes = {
				BuildIndependentTargetsInParallel = 1;
				LastSwiftUpdateCheck = 1330;
				LastUpgradeCheck = 1330;
				TargetAttributes = {
					4EC6BA2827FB768400BD48AC = {
						CreatedOnToolsVersion = 13.3;
					};
				};
			};
			buildConfigurationList = 4EC6BA2427FB768400BD48AC /* Build configuration list for PBXProject "BookDB-tvOS" */;
			compatibilityVersion = "Xcode 13.0";
			developmentRegion = en;
			hasScannedForEncodings = 0;
			knownRegions = (
				en,
				Base,
			);
			mainGroup = 4EC6BA2027FB768400BD48AC;
			productRefGroup = 4EC6BA2A27FB768400BD48AC /* Products */;
			projectDirPath = "";
			projectRoot = "";
			targets = (
				4EC6BA2827FB768400BD48AC /* BookDB-tvOS */,
			);
		};
/* End PBXProject section */

/* Begin PBXResourcesBuildPhase section */
		4EC6BA2727FB768400BD48AC /* Resources */ = {
			isa = PBXResourcesBuildPhase;
			buildActionMask = 2147483647;
			files = (
				5D360B0627FCB75600460DBC /* Store.storyboard in Resources */,
				4EC6BA3727FB768800BD48AC /* LaunchScreen.storyboard in Resources */,
				4EC6BA3427FB768800BD48AC /* Assets.xcassets in Resources */,
				4EC6BA3227FB768400BD48AC /* Main.storyboard in Resources */,
			);
			runOnlyForDeploymentPostprocessing = 0;
		};
/* End PBXResourcesBuildPhase section */

/* Begin PBXSourcesBuildPhase section */
		4EC6BA2527FB768400BD48AC /* Sources */ = {
			isa = PBXSourcesBuildPhase;
			buildActionMask = 2147483647;
			files = (
				5DC629A827FE1372005F5A53 /* Collection.swift in Sources */,
				5DC6299C27FE0D84005F5A53 /* Book.swift in Sources */,
				5DC629A227FE0EAB005F5A53 /* UnmissableCollectionViewCell.swift in Sources */,
				4EC6BA2F27FB768400BD48AC /* ViewController.swift in Sources */,
				5DC6299E27FE0E8B005F5A53 /* TopCollectionViewCell.swift in Sources */,
				4EC6BA2D27FB768400BD48AC /* AppDelegate.swift in Sources */,
				5D360B0827FCB76200460DBC /* StoreViewController.swift in Sources */,
				5DC629A627FE130B005F5A53 /* UIView+Extensions.swift in Sources */,
				5DC629A027FE0E9F005F5A53 /* ReadingWeekCollectionViewCell.swift in Sources */,
			);
			runOnlyForDeploymentPostprocessing = 0;
		};
/* End PBXSourcesBuildPhase section */

/* Begin PBXVariantGroup section */
		4EC6BA3027FB768400BD48AC /* Main.storyboard */ = {
			isa = PBXVariantGroup;
			children = (
				4EC6BA3127FB768400BD48AC /* Base */,
			);
			name = Main.storyboard;
			sourceTree = "<group>";
		};
		4EC6BA3527FB768800BD48AC /* LaunchScreen.storyboard */ = {
			isa = PBXVariantGroup;
			children = (
				4EC6BA3627FB768800BD48AC /* Base */,
			);
			name = LaunchScreen.storyboard;
			sourceTree = "<group>";
		};
/* End PBXVariantGroup section */

/* Begin XCBuildConfiguration section */
		4EC6BA3827FB768800BD48AC /* Debug */ = {
			isa = XCBuildConfiguration;
			buildSettings = {
				ALWAYS_SEARCH_USER_PATHS = NO;
				CLANG_ANALYZER_NONNULL = YES;
				CLANG_ANALYZER_NUMBER_OBJECT_CONVERSION = YES_AGGRESSIVE;
				CLANG_CXX_LANGUAGE_STANDARD = "gnu++17";
				CLANG_ENABLE_MODULES = YES;
				CLANG_ENABLE_OBJC_ARC = YES;
				CLANG_ENABLE_OBJC_WEAK = YES;
				CLANG_WARN_BLOCK_CAPTURE_AUTORELEASING = YES;
				CLANG_WARN_BOOL_CONVERSION = YES;
				CLANG_WARN_COMMA = YES;
				CLANG_WARN_CONSTANT_CONVERSION = YES;
				CLANG_WARN_DEPRECATED_OBJC_IMPLEMENTATIONS = YES;
				CLANG_WARN_DIRECT_OBJC_ISA_USAGE = YES_ERROR;
				CLANG_WARN_DOCUMENTATION_COMMENTS = YES;
				CLANG_WARN_EMPTY_BODY = YES;
				CLANG_WARN_ENUM_CONVERSION = YES;
				CLANG_WARN_INFINITE_RECURSION = YES;
				CLANG_WARN_INT_CONVERSION = YES;
				CLANG_WARN_NON_LITERAL_NULL_CONVERSION = YES;
				CLANG_WARN_OBJC_IMPLICIT_RETAIN_SELF = YES;
				CLANG_WARN_OBJC_LITERAL_CONVERSION = YES;
				CLANG_WARN_OBJC_ROOT_CLASS = YES_ERROR;
				CLANG_WARN_QUOTED_INCLUDE_IN_FRAMEWORK_HEADER = YES;
				CLANG_WARN_RANGE_LOOP_ANALYSIS = YES;
				CLANG_WARN_STRICT_PROTOTYPES = YES;
				CLANG_WARN_SUSPICIOUS_MOVE = YES;
				CLANG_WARN_UNGUARDED_AVAILABILITY = YES_AGGRESSIVE;
				CLANG_WARN_UNREACHABLE_CODE = YES;
				CLANG_WARN__DUPLICATE_METHOD_MATCH = YES;
				COPY_PHASE_STRIP = NO;
				DEBUG_INFORMATION_FORMAT = dwarf;
				ENABLE_STRICT_OBJC_MSGSEND = YES;
				ENABLE_TESTABILITY = YES;
				GCC_C_LANGUAGE_STANDARD = gnu11;
				GCC_DYNAMIC_NO_PIC = NO;
				GCC_NO_COMMON_BLOCKS = YES;
				GCC_OPTIMIZATION_LEVEL = 0;
				GCC_PREPROCESSOR_DEFINITIONS = (
					"DEBUG=1",
					"$(inherited)",
				);
				GCC_WARN_64_TO_32_BIT_CONVERSION = YES;
				GCC_WARN_ABOUT_RETURN_TYPE = YES_ERROR;
				GCC_WARN_UNDECLARED_SELECTOR = YES;
				GCC_WARN_UNINITIALIZED_AUTOS = YES_AGGRESSIVE;
				GCC_WARN_UNUSED_FUNCTION = YES;
				GCC_WARN_UNUSED_VARIABLE = YES;
				MTL_ENABLE_DEBUG_INFO = INCLUDE_SOURCE;
				MTL_FAST_MATH = YES;
				ONLY_ACTIVE_ARCH = YES;
				SDKROOT = appletvos;
				SWIFT_ACTIVE_COMPILATION_CONDITIONS = DEBUG;
				SWIFT_OPTIMIZATION_LEVEL = "-Onone";
				TVOS_DEPLOYMENT_TARGET = 15.4;
			};
			name = Debug;
		};
		4EC6BA3927FB768800BD48AC /* Release */ = {
			isa = XCBuildConfiguration;
			buildSettings = {
				ALWAYS_SEARCH_USER_PATHS = NO;
				CLANG_ANALYZER_NONNULL = YES;
				CLANG_ANALYZER_NUMBER_OBJECT_CONVERSION = YES_AGGRESSIVE;
				CLANG_CXX_LANGUAGE_STANDARD = "gnu++17";
				CLANG_ENABLE_MODULES = YES;
				CLANG_ENABLE_OBJC_ARC = YES;
				CLANG_ENABLE_OBJC_WEAK = YES;
				CLANG_WARN_BLOCK_CAPTURE_AUTORELEASING = YES;
				CLANG_WARN_BOOL_CONVERSION = YES;
				CLANG_WARN_COMMA = YES;
				CLANG_WARN_CONSTANT_CONVERSION = YES;
				CLANG_WARN_DEPRECATED_OBJC_IMPLEMENTATIONS = YES;
				CLANG_WARN_DIRECT_OBJC_ISA_USAGE = YES_ERROR;
				CLANG_WARN_DOCUMENTATION_COMMENTS = YES;
				CLANG_WARN_EMPTY_BODY = YES;
				CLANG_WARN_ENUM_CONVERSION = YES;
				CLANG_WARN_INFINITE_RECURSION = YES;
				CLANG_WARN_INT_CONVERSION = YES;
				CLANG_WARN_NON_LITERAL_NULL_CONVERSION = YES;
				CLANG_WARN_OBJC_IMPLICIT_RETAIN_SELF = YES;
				CLANG_WARN_OBJC_LITERAL_CONVERSION = YES;
				CLANG_WARN_OBJC_ROOT_CLASS = YES_ERROR;
				CLANG_WARN_QUOTED_INCLUDE_IN_FRAMEWORK_HEADER = YES;
				CLANG_WARN_RANGE_LOOP_ANALYSIS = YES;
				CLANG_WARN_STRICT_PROTOTYPES = YES;
				CLANG_WARN_SUSPICIOUS_MOVE = YES;
				CLANG_WARN_UNGUARDED_AVAILABILITY = YES_AGGRESSIVE;
				CLANG_WARN_UNREACHABLE_CODE = YES;
				CLANG_WARN__DUPLICATE_METHOD_MATCH = YES;
				COPY_PHASE_STRIP = NO;
				DEBUG_INFORMATION_FORMAT = "dwarf-with-dsym";
				ENABLE_NS_ASSERTIONS = NO;
				ENABLE_STRICT_OBJC_MSGSEND = YES;
				GCC_C_LANGUAGE_STANDARD = gnu11;
				GCC_NO_COMMON_BLOCKS = YES;
				GCC_WARN_64_TO_32_BIT_CONVERSION = YES;
				GCC_WARN_ABOUT_RETURN_TYPE = YES_ERROR;
				GCC_WARN_UNDECLARED_SELECTOR = YES;
				GCC_WARN_UNINITIALIZED_AUTOS = YES_AGGRESSIVE;
				GCC_WARN_UNUSED_FUNCTION = YES;
				GCC_WARN_UNUSED_VARIABLE = YES;
				MTL_ENABLE_DEBUG_INFO = NO;
				MTL_FAST_MATH = YES;
				SDKROOT = appletvos;
				SWIFT_COMPILATION_MODE = wholemodule;
				SWIFT_OPTIMIZATION_LEVEL = "-O";
				TVOS_DEPLOYMENT_TARGET = 15.4;
				VALIDATE_PRODUCT = YES;
			};
			name = Release;
		};
		4EC6BA3B27FB768800BD48AC /* Debug */ = {
			isa = XCBuildConfiguration;
			buildSettings = {
				ASSETCATALOG_COMPILER_APPICON_NAME = "App Icon & Top Shelf Image";
				ASSETCATALOG_COMPILER_GLOBAL_ACCENT_COLOR_NAME = AccentColor;
				CODE_SIGN_STYLE = Automatic;
				CURRENT_PROJECT_VERSION = 1;
				DEVELOPMENT_TEAM = J47N8VWCY6;
				GENERATE_INFOPLIST_FILE = YES;
				INFOPLIST_KEY_UILaunchStoryboardName = LaunchScreen;
				INFOPLIST_KEY_UIMainStoryboardFile = Main;
				INFOPLIST_KEY_UIUserInterfaceStyle = Automatic;
				LD_RUNPATH_SEARCH_PATHS = (
					"$(inherited)",
					"@executable_path/Frameworks",
				);
				MARKETING_VERSION = 1.0;
				PRODUCT_BUNDLE_IDENTIFIER = "com.app.bookTV.BookDB-tvOS";
				PRODUCT_NAME = "$(TARGET_NAME)";
				SWIFT_EMIT_LOC_STRINGS = YES;
				SWIFT_VERSION = 5.0;
				TARGETED_DEVICE_FAMILY = 3;
				TVOS_DEPLOYMENT_TARGET = 15.0;
			};
			name = Debug;
		};
		4EC6BA3C27FB768800BD48AC /* Release */ = {
			isa = XCBuildConfiguration;
			buildSettings = {
				ASSETCATALOG_COMPILER_APPICON_NAME = "App Icon & Top Shelf Image";
				ASSETCATALOG_COMPILER_GLOBAL_ACCENT_COLOR_NAME = AccentColor;
				CODE_SIGN_STYLE = Automatic;
				CURRENT_PROJECT_VERSION = 1;
				DEVELOPMENT_TEAM = J47N8VWCY6;
				GENERATE_INFOPLIST_FILE = YES;
				INFOPLIST_KEY_UILaunchStoryboardName = LaunchScreen;
				INFOPLIST_KEY_UIMainStoryboardFile = Main;
				INFOPLIST_KEY_UIUserInterfaceStyle = Automatic;
				LD_RUNPATH_SEARCH_PATHS = (
					"$(inherited)",
					"@executable_path/Frameworks",
				);
				MARKETING_VERSION = 1.0;
				PRODUCT_BUNDLE_IDENTIFIER = "com.app.bookTV.BookDB-tvOS";
				PRODUCT_NAME = "$(TARGET_NAME)";
				SWIFT_EMIT_LOC_STRINGS = YES;
				SWIFT_VERSION = 5.0;
				TARGETED_DEVICE_FAMILY = 3;
				TVOS_DEPLOYMENT_TARGET = 15.0;
			};
			name = Release;
		};
/* End XCBuildConfiguration section */

/* Begin XCConfigurationList section */
		4EC6BA2427FB768400BD48AC /* Build configuration list for PBXProject "BookDB-tvOS" */ = {
			isa = XCConfigurationList;
			buildConfigurations = (
				4EC6BA3827FB768800BD48AC /* Debug */,
				4EC6BA3927FB768800BD48AC /* Release */,
			);
			defaultConfigurationIsVisible = 0;
			defaultConfigurationName = Release;
		};
		4EC6BA3A27FB768800BD48AC /* Build configuration list for PBXNativeTarget "BookDB-tvOS" */ = {
			isa = XCConfigurationList;
			buildConfigurations = (
				4EC6BA3B27FB768800BD48AC /* Debug */,
				4EC6BA3C27FB768800BD48AC /* Release */,
			);
			defaultConfigurationIsVisible = 0;
			defaultConfigurationName = Release;
		};
/* End XCConfigurationList section */
	};
	rootObject = 4EC6BA2127FB768400BD48AC /* Project object */;
}
